{
  "name": "node-thermal-printer",
  "version": "1.1.1",
  "lockfileVersion": 1,
  "requires": true,
  "dependencies": {
    "dank-do-while": {
      "version": "https://registry.npmjs.org/dank-do-while/-/dank-do-while-0.1.2.tgz",
      "integrity": "sha1-gZslk3uXd2V7VvUXKthWWW/NDIQ="
    },
    "net": {
      "version": "https://registry.npmjs.org/net/-/net-1.0.2.tgz",
      "integrity": "sha1-0XV+yaf7I3HYPPR1XOPifhCCk4g="
    },
    "pngjs": {
      "version": "3.3.0",
      "resolved": "https://registry.npmjs.org/pngjs/-/pngjs-3.3.0.tgz",
      "integrity": "sha1-H1cwwYnJSTO4G+2iqy+OKFUmOo8="
    },
    "unorm": {
      "version": "https://registry.npmjs.org/unorm/-/unorm-1.4.1.tgz",
      "integrity": "sha1-NkIA1fE2RsqLzURJAnEzVhR5IwA="
    },
    "write-file-queue": {
      "version": "https://registry.npmjs.org/write-file-queue/-/write-file-queue-0.0.1.tgz",
      "integrity": "sha1-N2T2FEUYBulhLJabdw2DCmqBFek=",
      "requires": {
        "dank-do-while": "https://registry.npmjs.org/dank-do-while/-/dank-do-while-0.1.2.tgz"
      }
    }
  }
}
